
Microsoft Visual Studio Solution File, Format Version 12.00
# Visual Studio Version 16
VisualStudioVersion = 16.0.30523.141
MinimumVisualStudioVersion = 15.0.26124.0
Project("{2150E333-8FDC-42A3-9474-1A3956D46DE8}") = "src", "src", "{B36EC2BD-B2EF-4003-BB61-558F077E072A}"
EndProject
Project("{9A19103F-16F7-4668-BE54-9A1E7A4F7556}") = "BoardGameApp.Api", "src\BoardGameApp.Api\BoardGameApp.Api.csproj", "{618B96B0-DDAC-43BD-8F6C-EA4AB8599D96}"
EndProject
Project("{9A19103F-16F7-4668-BE54-9A1E7A4F7556}") = "BoardGameApp.Core.Application", "src\BoardGameApp.Core.Application\BoardGameApp.Core.Application.csproj", "{BA1CB5AF-9E6B-4433-9238-A1CA15213008}"
EndProject
Project("{9A19103F-16F7-4668-BE54-9A1E7A4F7556}") = "BoardGameApp.Core.Domain", "src\BoardGameApp.Core.Domain\BoardGameApp.Core.Domain.csproj", "{195F7309-7327-4E3D-8E59-4AD92C634E6F}"
EndProject
Project("{9A19103F-16F7-4668-BE54-9A1E7A4F7556}") = "BoardGameApp.Infrastructure.Identity", "src\BoardGameApp.Infrastructure.Identity\BoardGameApp.Infrastructure.Identity.csproj", "{5CF60688-C348-4A15-A5BB-24C840D61B4A}"
EndProject
Project("{9A19103F-16F7-4668-BE54-9A1E7A4F7556}") = "BoardGameApp.Infrastructure.Persistence", "src\BoardGameApp.Infrastructure.Persistence\BoardGameApp.Infrastructure.Persistence.csproj", "{12941204-6412-49DC-BFB0-12DE7D99DCAF}"
EndProject
Project("{9A19103F-16F7-4668-BE54-9A1E7A4F7556}") = "BoardGameApp.Infrastructure.Shared", "src\BoardGameApp.Infrastructure.Shared\BoardGameApp.Infrastructure.Shared.csproj", "{B669389F-B60B-48EE-8FEB-ACA49CD03F5B}"
EndProject
Project("{2150E333-8FDC-42A3-9474-1A3956D46DE8}") = "tests", "tests", "{9B9756AD-BA6A-4918-80E4-68A110C762D2}"
EndProject
Project("{9A19103F-16F7-4668-BE54-9A1E7A4F7556}") = "UnitTests", "tests\UnitTests\UnitTests.csproj", "{421B8052-2DA1-45A2-AB6E-3B3CAB4B1F85}"
EndProject
Project("{2150E333-8FDC-42A3-9474-1A3956D46DE8}") = "Presentation", "Presentation", "{A1C9861D-33A0-4A6D-918B-777CB844E2D0}"
EndProject
Project("{2150E333-8FDC-42A3-9474-1A3956D46DE8}") = "Core", "Core", "{999B6A4A-B04D-4083-A352-AD23A96C30FA}"
EndProject
Project("{2150E333-8FDC-42A3-9474-1A3956D46DE8}") = "Infrastructure", "Infrastructure", "{B3CD5C90-EF60-4BCD-AFCB-01B866FAFE62}"
EndProject
Project("{FAE04EC0-301F-11D3-BF4B-00C04F79EFBC}") = "IntegrationTests", "tests\IntegrationTests\IntegrationTests.csproj", "{DCD4E879-FC9D-4E4E-8255-073B68D7032E}"
EndProject
Project("{FAE04EC0-301F-11D3-BF4B-00C04F79EFBC}") = "Fixtures", "tests\Fixtures\Fixtures.csproj", "{29A528F7-60A4-44D1-A3DD-2EB12AE544CD}"
EndProject
Global
	GlobalSection(SolutionConfigurationPlatforms) = preSolution
		Debug|Any CPU = Debug|Any CPU
		Debug|x64 = Debug|x64
		Debug|x86 = Debug|x86
		Release|Any CPU = Release|Any CPU
		Release|x64 = Release|x64
		Release|x86 = Release|x86
	EndGlobalSection
	GlobalSection(ProjectConfigurationPlatforms) = postSolution
		{618B96B0-DDAC-43BD-8F6C-EA4AB8599D96}.Debug|Any CPU.ActiveCfg = Debug|Any CPU
		{618B96B0-DDAC-43BD-8F6C-EA4AB8599D96}.Debug|Any CPU.Build.0 = Debug|Any CPU
		{618B96B0-DDAC-43BD-8F6C-EA4AB8599D96}.Debug|x64.ActiveCfg = Debug|Any CPU
		{618B96B0-DDAC-43BD-8F6C-EA4AB8599D96}.Debug|x64.Build.0 = Debug|Any CPU
		{618B96B0-DDAC-43BD-8F6C-EA4AB8599D96}.Debug|x86.ActiveCfg = Debug|Any CPU
		{618B96B0-DDAC-43BD-8F6C-EA4AB8599D96}.Debug|x86.Build.0 = Debug|Any CPU
		{618B96B0-DDAC-43BD-8F6C-EA4AB8599D96}.Release|Any CPU.ActiveCfg = Release|Any CPU
		{618B96B0-DDAC-43BD-8F6C-EA4AB8599D96}.Release|Any CPU.Build.0 = Release|Any CPU
		{618B96B0-DDAC-43BD-8F6C-EA4AB8599D96}.Release|x64.ActiveCfg = Release|Any CPU
		{618B96B0-DDAC-43BD-8F6C-EA4AB8599D96}.Release|x64.Build.0 = Release|Any CPU
		{618B96B0-DDAC-43BD-8F6C-EA4AB8599D96}.Release|x86.ActiveCfg = Release|Any CPU
		{618B96B0-DDAC-43BD-8F6C-EA4AB8599D96}.Release|x86.Build.0 = Release|Any CPU
		{BA1CB5AF-9E6B-4433-9238-A1CA15213008}.Debug|Any CPU.ActiveCfg = Debug|Any CPU
		{BA1CB5AF-9E6B-4433-9238-A1CA15213008}.Debug|Any CPU.Build.0 = Debug|Any CPU
		{BA1CB5AF-9E6B-4433-9238-A1CA15213008}.Debug|x64.ActiveCfg = Debug|Any CPU
		{BA1CB5AF-9E6B-4433-9238-A1CA15213008}.Debug|x64.Build.0 = Debug|Any CPU
		{BA1CB5AF-9E6B-4433-9238-A1CA15213008}.Debug|x86.ActiveCfg = Debug|Any CPU
		{BA1CB5AF-9E6B-4433-9238-A1CA15213008}.Debug|x86.Build.0 = Debug|Any CPU
		{BA1CB5AF-9E6B-4433-9238-A1CA15213008}.Release|Any CPU.ActiveCfg = Release|Any CPU
		{BA1CB5AF-9E6B-4433-9238-A1CA15213008}.Release|Any CPU.Build.0 = Release|Any CPU
		{BA1CB5AF-9E6B-4433-9238-A1CA15213008}.Release|x64.ActiveCfg = Release|Any CPU
		{BA1CB5AF-9E6B-4433-9238-A1CA15213008}.Release|x64.Build.0 = Release|Any CPU
		{BA1CB5AF-9E6B-4433-9238-A1CA15213008}.Release|x86.ActiveCfg = Release|Any CPU
		{BA1CB5AF-9E6B-4433-9238-A1CA15213008}.Release|x86.Build.0 = Release|Any CPU
		{195F7309-7327-4E3D-8E59-4AD92C634E6F}.Debug|Any CPU.ActiveCfg = Debug|Any CPU
		{195F7309-7327-4E3D-8E59-4AD92C634E6F}.Debug|Any CPU.Build.0 = Debug|Any CPU
		{195F7309-7327-4E3D-8E59-4AD92C634E6F}.Debug|x64.ActiveCfg = Debug|Any CPU
		{195F7309-7327-4E3D-8E59-4AD92C634E6F}.Debug|x64.Build.0 = Debug|Any CPU
		{195F7309-7327-4E3D-8E59-4AD92C634E6F}.Debug|x86.ActiveCfg = Debug|Any CPU
		{195F7309-7327-4E3D-8E59-4AD92C634E6F}.Debug|x86.Build.0 = Debug|Any CPU
		{195F7309-7327-4E3D-8E59-4AD92C634E6F}.Release|Any CPU.ActiveCfg = Release|Any CPU
		{195F7309-7327-4E3D-8E59-4AD92C634E6F}.Release|Any CPU.Build.0 = Release|Any CPU
		{195F7309-7327-4E3D-8E59-4AD92C634E6F}.Release|x64.ActiveCfg = Release|Any CPU
		{195F7309-7327-4E3D-8E59-4AD92C634E6F}.Release|x64.Build.0 = Release|Any CPU
		{195F7309-7327-4E3D-8E59-4AD92C634E6F}.Release|x86.ActiveCfg = Release|Any CPU
		{195F7309-7327-4E3D-8E59-4AD92C634E6F}.Release|x86.Build.0 = Release|Any CPU
		{5CF60688-C348-4A15-A5BB-24C840D61B4A}.Debug|Any CPU.ActiveCfg = Debug|Any CPU
		{5CF60688-C348-4A15-A5BB-24C840D61B4A}.Debug|Any CPU.Build.0 = Debug|Any CPU
		{5CF60688-C348-4A15-A5BB-24C840D61B4A}.Debug|x64.ActiveCfg = Debug|Any CPU
		{5CF60688-C348-4A15-A5BB-24C840D61B4A}.Debug|x64.Build.0 = Debug|Any CPU
		{5CF60688-C348-4A15-A5BB-24C840D61B4A}.Debug|x86.ActiveCfg = Debug|Any CPU
		{5CF60688-C348-4A15-A5BB-24C840D61B4A}.Debug|x86.Build.0 = Debug|Any CPU
		{5CF60688-C348-4A15-A5BB-24C840D61B4A}.Release|Any CPU.ActiveCfg = Release|Any CPU
		{5CF60688-C348-4A15-A5BB-24C840D61B4A}.Release|Any CPU.Build.0 = Release|Any CPU
		{5CF60688-C348-4A15-A5BB-24C840D61B4A}.Release|x64.ActiveCfg = Release|Any CPU
		{5CF60688-C348-4A15-A5BB-24C840D61B4A}.Release|x64.Build.0 = Release|Any CPU
		{5CF60688-C348-4A15-A5BB-24C840D61B4A}.Release|x86.ActiveCfg = Release|Any CPU
		{5CF60688-C348-4A15-A5BB-24C840D61B4A}.Release|x86.Build.0 = Release|Any CPU
		{12941204-6412-49DC-BFB0-12DE7D99DCAF}.Debug|Any CPU.ActiveCfg = Debug|Any CPU
		{12941204-6412-49DC-BFB0-12DE7D99DCAF}.Debug|Any CPU.Build.0 = Debug|Any CPU
		{12941204-6412-49DC-BFB0-12DE7D99DCAF}.Debug|x64.ActiveCfg = Debug|Any CPU
		{12941204-6412-49DC-BFB0-12DE7D99DCAF}.Debug|x64.Build.0 = Debug|Any CPU
		{12941204-6412-49DC-BFB0-12DE7D99DCAF}.Debug|x86.ActiveCfg = Debug|Any CPU
		{12941204-6412-49DC-BFB0-12DE7D99DCAF}.Debug|x86.Build.0 = Debug|Any CPU
		{12941204-6412-49DC-BFB0-12DE7D99DCAF}.Release|Any CPU.ActiveCfg = Release|Any CPU
		{12941204-6412-49DC-BFB0-12DE7D99DCAF}.Release|Any CPU.Build.0 = Release|Any CPU
		{12941204-6412-49DC-BFB0-12DE7D99DCAF}.Release|x64.ActiveCfg = Release|Any CPU
		{12941204-6412-49DC-BFB0-12DE7D99DCAF}.Release|x64.Build.0 = Release|Any CPU
		{12941204-6412-49DC-BFB0-12DE7D99DCAF}.Release|x86.ActiveCfg = Release|Any CPU
		{12941204-6412-49DC-BFB0-12DE7D99DCAF}.Release|x86.Build.0 = Release|Any CPU
		{B669389F-B60B-48EE-8FEB-ACA49CD03F5B}.Debug|Any CPU.ActiveCfg = Debug|Any CPU
		{B669389F-B60B-48EE-8FEB-ACA49CD03F5B}.Debug|Any CPU.Build.0 = Debug|Any CPU
		{B669389F-B60B-48EE-8FEB-ACA49CD03F5B}.Debug|x64.ActiveCfg = Debug|Any CPU
		{B669389F-B60B-48EE-8FEB-ACA49CD03F5B}.Debug|x64.Build.0 = Debug|Any CPU
		{B669389F-B60B-48EE-8FEB-ACA49CD03F5B}.Debug|x86.ActiveCfg = Debug|Any CPU
		{B669389F-B60B-48EE-8FEB-ACA49CD03F5B}.Debug|x86.Build.0 = Debug|Any CPU
		{B669389F-B60B-48EE-8FEB-ACA49CD03F5B}.Release|Any CPU.ActiveCfg = Release|Any CPU
		{B669389F-B60B-48EE-8FEB-ACA49CD03F5B}.Release|Any CPU.Build.0 = Release|Any CPU
		{B669389F-B60B-48EE-8FEB-ACA49CD03F5B}.Release|x64.ActiveCfg = Release|Any CPU
		{B669389F-B60B-48EE-8FEB-ACA49CD03F5B}.Release|x64.Build.0 = Release|Any CPU
		{B669389F-B60B-48EE-8FEB-ACA49CD03F5B}.Release|x86.ActiveCfg = Release|Any CPU
		{B669389F-B60B-48EE-8FEB-ACA49CD03F5B}.Release|x86.Build.0 = Release|Any CPU
		{421B8052-2DA1-45A2-AB6E-3B3CAB4B1F85}.Debug|Any CPU.ActiveCfg = Debug|Any CPU
		{421B8052-2DA1-45A2-AB6E-3B3CAB4B1F85}.Debug|Any CPU.Build.0 = Debug|Any CPU
		{421B8052-2DA1-45A2-AB6E-3B3CAB4B1F85}.Debug|x64.ActiveCfg = Debug|Any CPU
		{421B8052-2DA1-45A2-AB6E-3B3CAB4B1F85}.Debug|x64.Build.0 = Debug|Any CPU
		{421B8052-2DA1-45A2-AB6E-3B3CAB4B1F85}.Debug|x86.ActiveCfg = Debug|Any CPU
		{421B8052-2DA1-45A2-AB6E-3B3CAB4B1F85}.Debug|x86.Build.0 = Debug|Any CPU
		{421B8052-2DA1-45A2-AB6E-3B3CAB4B1F85}.Release|Any CPU.ActiveCfg = Release|Any CPU
		{421B8052-2DA1-45A2-AB6E-3B3CAB4B1F85}.Release|Any CPU.Build.0 = Release|Any CPU
		{421B8052-2DA1-45A2-AB6E-3B3CAB4B1F85}.Release|x64.ActiveCfg = Release|Any CPU
		{421B8052-2DA1-45A2-AB6E-3B3CAB4B1F85}.Release|x64.Build.0 = Release|Any CPU
		{421B8052-2DA1-45A2-AB6E-3B3CAB4B1F85}.Release|x86.ActiveCfg = Release|Any CPU
		{421B8052-2DA1-45A2-AB6E-3B3CAB4B1F85}.Release|x86.Build.0 = Release|Any CPU
		{DCD4E879-FC9D-4E4E-8255-073B68D7032E}.Debug|Any CPU.ActiveCfg = Debug|Any CPU
		{DCD4E879-FC9D-4E4E-8255-073B68D7032E}.Debug|Any CPU.Build.0 = Debug|Any CPU
		{DCD4E879-FC9D-4E4E-8255-073B68D7032E}.Debug|x64.ActiveCfg = Debug|Any CPU
		{DCD4E879-FC9D-4E4E-8255-073B68D7032E}.Debug|x64.Build.0 = Debug|Any CPU
		{DCD4E879-FC9D-4E4E-8255-073B68D7032E}.Debug|x86.ActiveCfg = Debug|Any CPU
		{DCD4E879-FC9D-4E4E-8255-073B68D7032E}.Debug|x86.Build.0 = Debug|Any CPU
		{DCD4E879-FC9D-4E4E-8255-073B68D7032E}.Release|Any CPU.ActiveCfg = Release|Any CPU
		{DCD4E879-FC9D-4E4E-8255-073B68D7032E}.Release|Any CPU.Build.0 = Release|Any CPU
		{DCD4E879-FC9D-4E4E-8255-073B68D7032E}.Release|x64.ActiveCfg = Release|Any CPU
		{DCD4E879-FC9D-4E4E-8255-073B68D7032E}.Release|x64.Build.0 = Release|Any CPU
		{DCD4E879-FC9D-4E4E-8255-073B68D7032E}.Release|x86.ActiveCfg = Release|Any CPU
		{DCD4E879-FC9D-4E4E-8255-073B68D7032E}.Release|x86.Build.0 = Release|Any CPU
		{29A528F7-60A4-44D1-A3DD-2EB12AE544CD}.Debug|Any CPU.ActiveCfg = Debug|Any CPU
		{29A528F7-60A4-44D1-A3DD-2EB12AE544CD}.Debug|Any CPU.Build.0 = Debug|Any CPU
		{29A528F7-60A4-44D1-A3DD-2EB12AE544CD}.Debug|x64.ActiveCfg = Debug|Any CPU
		{29A528F7-60A4-44D1-A3DD-2EB12AE544CD}.Debug|x64.Build.0 = Debug|Any CPU
		{29A528F7-60A4-44D1-A3DD-2EB12AE544CD}.Debug|x86.ActiveCfg = Debug|Any CPU
		{29A528F7-60A4-44D1-A3DD-2EB12AE544CD}.Debug|x86.Build.0 = Debug|Any CPU
		{29A528F7-60A4-44D1-A3DD-2EB12AE544CD}.Release|Any CPU.ActiveCfg = Release|Any CPU
		{29A528F7-60A4-44D1-A3DD-2EB12AE544CD}.Release|Any CPU.Build.0 = Release|Any CPU
		{29A528F7-60A4-44D1-A3DD-2EB12AE544CD}.Release|x64.ActiveCfg = Release|Any CPU
		{29A528F7-60A4-44D1-A3DD-2EB12AE544CD}.Release|x64.Build.0 = Release|Any CPU
		{29A528F7-60A4-44D1-A3DD-2EB12AE544CD}.Release|x86.ActiveCfg = Release|Any CPU
		{29A528F7-60A4-44D1-A3DD-2EB12AE544CD}.Release|x86.Build.0 = Release|Any CPU
	EndGlobalSection
	GlobalSection(SolutionProperties) = preSolution
		HideSolutionNode = FALSE
	EndGlobalSection
	GlobalSection(NestedProjects) = preSolution
		{618B96B0-DDAC-43BD-8F6C-EA4AB8599D96} = {A1C9861D-33A0-4A6D-918B-777CB844E2D0}
		{BA1CB5AF-9E6B-4433-9238-A1CA15213008} = {999B6A4A-B04D-4083-A352-AD23A96C30FA}
		{195F7309-7327-4E3D-8E59-4AD92C634E6F} = {999B6A4A-B04D-4083-A352-AD23A96C30FA}
		{5CF60688-C348-4A15-A5BB-24C840D61B4A} = {B3CD5C90-EF60-4BCD-AFCB-01B866FAFE62}
		{12941204-6412-49DC-BFB0-12DE7D99DCAF} = {B3CD5C90-EF60-4BCD-AFCB-01B866FAFE62}
		{B669389F-B60B-48EE-8FEB-ACA49CD03F5B} = {B3CD5C90-EF60-4BCD-AFCB-01B866FAFE62}
		{421B8052-2DA1-45A2-AB6E-3B3CAB4B1F85} = {9B9756AD-BA6A-4918-80E4-68A110C762D2}
		{A1C9861D-33A0-4A6D-918B-777CB844E2D0} = {B36EC2BD-B2EF-4003-BB61-558F077E072A}
		{999B6A4A-B04D-4083-A352-AD23A96C30FA} = {B36EC2BD-B2EF-4003-BB61-558F077E072A}
		{B3CD5C90-EF60-4BCD-AFCB-01B866FAFE62} = {B36EC2BD-B2EF-4003-BB61-558F077E072A}
		{DCD4E879-FC9D-4E4E-8255-073B68D7032E} = {9B9756AD-BA6A-4918-80E4-68A110C762D2}
		{29A528F7-60A4-44D1-A3DD-2EB12AE544CD} = {9B9756AD-BA6A-4918-80E4-68A110C762D2}
	EndGlobalSection
	GlobalSection(ExtensibilityGlobals) = postSolution
		SolutionGuid = {737F09DB-E878-4EDD-99A3-391C109FD781}
	EndGlobalSection
EndGlobal
